
Microsoft Visual Studio Solution File, Format Version 12.00
# Visual Studio Version 16
VisualStudioVersion = 16.0.30517.126
MinimumVisualStudioVersion = 10.0.40219.1
Project("{FAE04EC0-301F-11D3-BF4B-00C04F79EFBC}") = "Fashison_eCommerce", "Fashison_eCommerce\Fashison_eCommerce.csproj", "{174BEFC7-680C-4393-98FF-101E842C5E10}"
EndProject
Project("{FAE04EC0-301F-11D3-BF4B-00C04F79EFBC}") = "WebAPI", "WebAPI\WebAPI.csproj", "{2561CF4D-03CA-4A2A-82EE-AB11C21EB30B}"
EndProject
Global
	GlobalSection(SolutionConfigurationPlatforms) = preSolution
		Debug|Any CPU = Debug|Any CPU
		Release|Any CPU = Release|Any CPU
	EndGlobalSection
	GlobalSection(ProjectConfigurationPlatforms) = postSolution
		{174BEFC7-680C-4393-98FF-101E842C5E10}.Debug|Any CPU.ActiveCfg = Debug|Any CPU
		{174BEFC7-680C-4393-98FF-101E842C5E10}.Debug|Any CPU.Build.0 = Debug|Any CPU
		{174BEFC7-680C-4393-98FF-101E842C5E10}.Release|Any CPU.ActiveCfg = Release|Any CPU
		{174BEFC7-680C-4393-98FF-101E842C5E10}.Release|Any CPU.Build.0 = Release|Any CPU
		{2561CF4D-03CA-4A2A-82EE-AB11C21EB30B}.Debug|Any CPU.ActiveCfg = Debug|Any CPU
		{2561CF4D-03CA-4A2A-82EE-AB11C21EB30B}.Debug|Any CPU.Build.0 = Debug|Any CPU
		{2561CF4D-03CA-4A2A-82EE-AB11C21EB30B}.Release|Any CPU.ActiveCfg = Release|Any CPU
		{2561CF4D-03CA-4A2A-82EE-AB11C21EB30B}.Release|Any CPU.Build.0 = Release|Any CPU
	EndGlobalSection
	GlobalSection(SolutionProperties) = preSolution
		HideSolutionNode = FALSE
	EndGlobalSection
	GlobalSection(ExtensibilityGlobals) = postSolution
		SolutionGuid = {35BD9F3B-8D14-4A7A-BA8D-964919C1CFCF}
	EndGlobalSection
EndGlobal
